# THIS IS AN AUTOGENERATED FILE. DO NOT EDIT THIS FILE DIRECTLY.
# yarn lockfile v1


"@babel/runtime@^7.1.2":
  version "7.11.2"
  resolved "https://registry.npm.taobao.org/@babel/runtime/download/@babel/runtime-7.11.2.tgz?cache=0&other_urls=https%3A%2F%2Fregistry.npm.taobao.org%2F%40babel%2Fruntime%2Fdownload%2F%40babel%2Fruntime-7.11.2.tgz#f549c13c754cc40b87644b9fa9f09a6a95fe0736"
  integrity sha1-9UnBPHVMxAuHZEufqfCaapX+BzY=
  dependencies:
    regenerator-runtime "^0.13.4"

"@sentry/browser@5.22.3":
  version "5.22.3"
  resolved "https://registry.npm.taobao.org/@sentry/browser/download/@sentry/browser-5.22.3.tgz#7a64bd1cf01bf393741a3e4bf35f82aa927f5b4e"
  integrity sha1-emS9HPAb85N0Gj5L81+CqpJ/W04=
  dependencies:
    "@sentry/core" "5.22.3"
    "@sentry/types" "5.22.3"
    "@sentry/utils" "5.22.3"
    tslib "^1.9.3"

"@sentry/core@5.22.3":
  version "5.22.3"
  resolved "https://registry.npm.taobao.org/@sentry/core/download/@sentry/core-5.22.3.tgz#030f435f2b518f282ba8bd954dac90cd70888bd7"
  integrity sha1-Aw9DXytRjygrqL2VTayQzXCIi9c=
  dependencies:
    "@sentry/hub" "5.22.3"
    "@sentry/minimal" "5.22.3"
    "@sentry/types" "5.22.3"
    "@sentry/utils" "5.22.3"
    tslib "^1.9.3"

"@sentry/hub@5.22.3":
  version "5.22.3"
  resolved "https://registry.npm.taobao.org/@sentry/hub/download/@sentry/hub-5.22.3.tgz#08309a70d2ea8d5e313d05840c1711f34f2fffe5"
  integrity sha1-CDCacNLqjV4xPQWEDBcR808v/+U=
  dependencies:
    "@sentry/types" "5.22.3"
    "@sentry/utils" "5.22.3"
    tslib "^1.9.3"

"@sentry/minimal@5.22.3":
  version "5.22.3"
  resolved "https://registry.npm.taobao.org/@sentry/minimal/download/@sentry/minimal-5.22.3.tgz#706e4029ae5494123d3875c658ba8911aa5cc440"
  integrity sha1-cG5AKa5UlBI9OHXGWLqJEapcxEA=
  dependencies:
    "@sentry/hub" "5.22.3"
    "@sentry/types" "5.22.3"
    tslib "^1.9.3"

"@sentry/react@^5.22.3":
  version "5.22.3"
  resolved "https://registry.npm.taobao.org/@sentry/react/download/@sentry/react-5.22.3.tgz#ed692f9e2aff718da6cd15d2941ddda4f1d63385"
  integrity sha1-7Wkvnir/cY2mzRXSlB3dpPHWM4U=
  dependencies:
    "@sentry/browser" "5.22.3"
    "@sentry/minimal" "5.22.3"
    "@sentry/types" "5.22.3"
    "@sentry/utils" "5.22.3"
    hoist-non-react-statics "^3.3.2"
    tslib "^1.9.3"

"@sentry/tracing@^5.22.3":
  version "5.22.3"
  resolved "https://registry.npm.taobao.org/@sentry/tracing/download/@sentry/tracing-5.22.3.tgz#9b5a376e3164c007a22e8642ec094104468cac0c"
  integrity sha1-m1o3bjFkwAeiLoZC7AlBBEaMrAw=
  dependencies:
    "@sentry/hub" "5.22.3"
    "@sentry/minimal" "5.22.3"
    "@sentry/types" "5.22.3"
    "@sentry/utils" "5.22.3"
    tslib "^1.9.3"

"@sentry/types@5.22.3":
  version "5.22.3"
  resolved "https://registry.npm.taobao.org/@sentry/types/download/@sentry/types-5.22.3.tgz#d1d547b30ee8bd7771fa893af74c4f3d71f0fd18"
  integrity sha1-0dVHsw7ovXdx+ok690xPPXHw/Rg=

"@sentry/utils@5.22.3":
  version "5.22.3"
  resolved "https://registry.npm.taobao.org/@sentry/utils/download/@sentry/utils-5.22.3.tgz#e3bda3e789239eb16d436f768daa12829f33d18f"
  integrity sha1-472j54kjnrFtQ292jaoSgp8z0Y8=
  dependencies:
    "@sentry/types" "5.22.3"
    tslib "^1.9.3"

"@types/lodash@^4.14.159":
  version "4.14.159"
  resolved "https://registry.npm.taobao.org/@types/lodash/download/@types/lodash-4.14.159.tgz#61089719dc6fdd9c5cb46efc827f2571d1517065"
  integrity sha1-YQiXGdxv3ZxctG78gn8lcdFRcGU=

axios@0.21:
  version "0.21.1"
  resolved "https://registry.yarnpkg.com/axios/-/axios-0.21.1.tgz#22563481962f4d6bde9a76d516ef0e5d3c09b2b8"
  integrity sha512-dKQiRHxGD9PPRIUNIWvZhPTPpl1rf/OxTYKsqKUDjBwYylTvV7SjSHJb9ratfyzM6wCdLCOYLzs73qpg5c4iGA==
  dependencies:
    follow-redirects "^1.10.0"

classnames@^2.2.5:
  version "2.2.6"
  resolved "https://registry.npm.taobao.org/classnames/download/classnames-2.2.6.tgz#43935bffdd291f326dad0a205309b38d00f650ce"
  integrity sha1-Q5Nb/90pHzJtrQogUwmzjQD2UM4=

dom-helpers@^3.4.0:
  version "3.4.0"
  resolved "https://registry.npm.taobao.org/dom-helpers/download/dom-helpers-3.4.0.tgz?cache=0&sync_timestamp=1596414578996&other_urls=https%3A%2F%2Fregistry.npm.taobao.org%2Fdom-helpers%2Fdownload%2Fdom-helpers-3.4.0.tgz#e9b369700f959f62ecde5a6babde4bccd9169af8"
  integrity sha1-6bNpcA+Vn2Ls3lprq95LzNkWmvg=
  dependencies:
    "@babel/runtime" "^7.1.2"

follow-redirects@^1.10.0:
  version "1.13.1"
  resolved "https://registry.yarnpkg.com/follow-redirects/-/follow-redirects-1.13.1.tgz#5f69b813376cee4fd0474a3aba835df04ab763b7"
  integrity sha512-SSG5xmZh1mkPGyKzjZP8zLjltIfpW32Y5QpdNJyjcfGxK3qo3NDDkZOZSFiGn1A6SclQxY9GzEwAHQ3dmYRWpg==

hoist-non-react-statics@^3.3.2:
  version "3.3.2"
  resolved "https://registry.npm.taobao.org/hoist-non-react-statics/download/hoist-non-react-statics-3.3.2.tgz?cache=0&sync_timestamp=1589806086077&other_urls=https%3A%2F%2Fregistry.npm.taobao.org%2Fhoist-non-react-statics%2Fdownload%2Fhoist-non-react-statics-3.3.2.tgz#ece0acaf71d62c2969c2ec59feff42a4b1a85b45"
  integrity sha1-7OCsr3HWLClpwuxZ/v9CpLGoW0U=
  dependencies:
    react-is "^16.7.0"

"js-tokens@^3.0.0 || ^4.0.0":
  version "4.0.0"
  resolved "https://registry.npm.taobao.org/js-tokens/download/js-tokens-4.0.0.tgz#19203fb59991df98e3a287050d4647cdeaf32499"
  integrity sha1-GSA/tZmR35jjoocFDUZHzerzJJk=

lodash@4.17.10:
  version "4.17.10"
  resolved "https://registry.npm.taobao.org/lodash/download/lodash-4.17.10.tgz?cache=0&sync_timestamp=1597335994883&other_urls=https%3A%2F%2Fregistry.npm.taobao.org%2Flodash%2Fdownload%2Flodash-4.17.10.tgz#1b7793cf7259ea38fb3661d4d38b3260af8ae4e7"
  integrity sha1-G3eTz3JZ6jj7NmHU04syYK+K5Oc=

loose-envify@^1.4.0:
  version "1.4.0"
  resolved "https://registry.npm.taobao.org/loose-envify/download/loose-envify-1.4.0.tgz#71ee51fa7be4caec1a63839f7e682d8132d30caf"
  integrity sha1-ce5R+nvkyuwaY4OffmgtgTLTDK8=
  dependencies:
    js-tokens "^3.0.0 || ^4.0.0"

object-assign@^4.1.1:
  version "4.1.1"
  resolved "https://registry.npm.taobao.org/object-assign/download/object-assign-4.1.1.tgz#2109adc7965887cfc05cbbd442cac8bfbb360863"
  integrity sha1-IQmtx5ZYh8/AXLvUQsrIv7s2CGM=

prop-types@^15.6.0, prop-types@^15.6.2:
  version "15.7.2"
  resolved "https://registry.npm.taobao.org/prop-types/download/prop-types-15.7.2.tgz#52c41e75b8c87e72b9d9360e0206b99dcbffa6c5"
  integrity sha1-UsQedbjIfnK52TYOAga5ncv/psU=
  dependencies:
    loose-envify "^1.4.0"
    object-assign "^4.1.1"
    react-is "^16.8.1"

react-is@^16.7.0, react-is@^16.8.1:
  version "16.13.1"
  resolved "https://registry.npm.taobao.org/react-is/download/react-is-16.13.1.tgz?cache=0&sync_timestamp=1598612859625&other_urls=https%3A%2F%2Fregistry.npm.taobao.org%2Freact-is%2Fdownload%2Freact-is-16.13.1.tgz#789729a4dc36de2999dc156dd6c1d9c18cea56a4"
  integrity sha1-eJcppNw23imZ3BVt1sHZwYzqVqQ=

react-lifecycles-compat@^3.0.4:
  version "3.0.4"
  resolved "https://registry.npm.taobao.org/react-lifecycles-compat/download/react-lifecycles-compat-3.0.4.tgz?cache=0&sync_timestamp=1589806087067&other_urls=https%3A%2F%2Fregistry.npm.taobao.org%2Freact-lifecycles-compat%2Fdownload%2Freact-lifecycles-compat-3.0.4.tgz#4f1a273afdfc8f3488a8c516bfda78f872352362"
  integrity sha1-TxonOv38jzSIqMUWv9p4+HI1I2I=

react-toastify@4.1:
  version "4.1.0"
  resolved "https://registry.npm.taobao.org/react-toastify/download/react-toastify-4.1.0.tgz#0d14d3cf36523ade27a2edd5323a9db373dce4c5"
  integrity sha1-DRTTzzZSOt4nou3VMjqds3Pc5MU=
  dependencies:
    classnames "^2.2.5"
    prop-types "^15.6.0"
    react-transition-group "^2.2.1"

react-transition-group@^2.2.1:
  version "2.9.0"
  resolved "https://registry.npm.taobao.org/react-transition-group/download/react-transition-group-2.9.0.tgz#df9cdb025796211151a436c69a8f3b97b5b07c8d"
  integrity sha1-35zbAleWIRFRpDbGmo87l7WwfI0=
  dependencies:
    dom-helpers "^3.4.0"
    loose-envify "^1.4.0"
    prop-types "^15.6.2"
    react-lifecycles-compat "^3.0.4"

regenerator-runtime@^0.13.4:
  version "0.13.7"
  resolved "https://registry.npm.taobao.org/regenerator-runtime/download/regenerator-runtime-0.13.7.tgz?cache=0&sync_timestamp=1595456311465&other_urls=https%3A%2F%2Fregistry.npm.taobao.org%2Fregenerator-runtime%2Fdownload%2Fregenerator-runtime-0.13.7.tgz#cac2dacc8a1ea675feaabaeb8ae833898ae46f55"
  integrity sha1-ysLazIoepnX+qrrriugziYrkb1U=

tslib@^1.9.3:
  version "1.13.0"
  resolved "https://registry.npm.taobao.org/tslib/download/tslib-1.13.0.tgz?cache=0&sync_timestamp=1596753875166&other_urls=https%3A%2F%2Fregistry.npm.taobao.org%2Ftslib%2Fdownload%2Ftslib-1.13.0.tgz#c881e13cc7015894ed914862d276436fa9a47043"
  integrity sha1-yIHhPMcBWJTtkUhi0nZDb6mkcEM=
